dependencies:
- name: kafka
  repository: https://charts.bitnami.com/bitnami
  version: 32.3.7
- name: keycloak
  repository: https://charts.bitnami.com/bitnami
  version: 25.2.0
- name: producer-app
  repository: file://../producer-app
  version: 0.1.0
- name: tractusx-edc-kafka
  repository: file://../tractusx-edc-kafka
  version: 0.2.0
- name: consumer-app
  repository: file://../consumer-app
  version: 0.1.0
- name: tractusx-edc-kafka
  repository: file://../tractusx-edc-kafka
  version: 0.2.0
digest: sha256:dcab312e97f5a41d000005761659677094184c560ab07e3de4089071808cd998
generated: "2025-10-10T11:44:17.2915358+02:00"
